
Microsoft Visual Studio Solution File, Format Version 12.00
# Visual Studio 15
VisualStudioVersion = 15.0.27703.2000
MinimumVisualStudioVersion = 10.0.40219.1
Project("{FAE04EC0-301F-11D3-BF4B-00C04F79EFBC}") = "Browser", "Browser\Browser.csproj", "{6344C93B-27C9-4A4D-BD09-BA94E8272463}"
EndProject
Global
	GlobalSection(SolutionConfigurationPlatforms) = preSolution
		Debug|Any CPU = Debug|Any CPU
		Release|Any CPU = Release|Any CPU
	EndGlobalSection
	GlobalSection(ProjectConfigurationPlatforms) = postSolution
		{6344C93B-27C9-4A4D-BD09-BA94E8272463}.Debug|Any CPU.ActiveCfg = Debug|Any CPU
		{6344C93B-27C9-4A4D-BD09-BA94E8272463}.Debug|Any CPU.Build.0 = Debug|Any CPU
		{6344C93B-27C9-4A4D-BD09-BA94E8272463}.Release|Any CPU.ActiveCfg = Release|Any CPU
		{6344C93B-27C9-4A4D-BD09-BA94E8272463}.Release|Any CPU.Build.0 = Release|Any CPU
	EndGlobalSection
	GlobalSection(SolutionProperties) = preSolution
		HideSolutionNode = FALSE
	EndGlobalSection
	GlobalSection(ExtensibilityGlobals) = postSolution
		SolutionGuid = {8CAC00A7-32EF-46D8-BCD5-FCB3EF4F50BE}
	EndGlobalSection
EndGlobal
